
Microsoft Visual Studio Solution File, Format Version 12.00
# Visual Studio Version 16
VisualStudioVersion = 16.0.31129.286
MinimumVisualStudioVersion = 10.0.40219.1
Project("{9A19103F-16F7-4668-BE54-9A1E7A4F7556}") = "StringCache", "StringCache\StringCache.csproj", "{E55362C6-25AC-4BFD-84CF-391C3B00B630}"
EndProject
Project("{FAE04EC0-301F-11D3-BF4B-00C04F79EFBC}") = "Bench", "Bench\Bench.csproj", "{850A2DA1-3FEF-4396-A759-CC5A15C045D8}"
EndProject
Global
	GlobalSection(SolutionConfigurationPlatforms) = preSolution
		Debug|Any CPU = Debug|Any CPU
		Release|Any CPU = Release|Any CPU
	EndGlobalSection
	GlobalSection(ProjectConfigurationPlatforms) = postSolution
		{E55362C6-25AC-4BFD-84CF-391C3B00B630}.Debug|Any CPU.ActiveCfg = Debug|Any CPU
		{E55362C6-25AC-4BFD-84CF-391C3B00B630}.Debug|Any CPU.Build.0 = Debug|Any CPU
		{E55362C6-25AC-4BFD-84CF-391C3B00B630}.Release|Any CPU.ActiveCfg = Release|Any CPU
		{E55362C6-25AC-4BFD-84CF-391C3B00B630}.Release|Any CPU.Build.0 = Release|Any CPU
		{850A2DA1-3FEF-4396-A759-CC5A15C045D8}.Debug|Any CPU.ActiveCfg = Debug|Any CPU
		{850A2DA1-3FEF-4396-A759-CC5A15C045D8}.Debug|Any CPU.Build.0 = Debug|Any CPU
		{850A2DA1-3FEF-4396-A759-CC5A15C045D8}.Release|Any CPU.ActiveCfg = Release|Any CPU
		{850A2DA1-3FEF-4396-A759-CC5A15C045D8}.Release|Any CPU.Build.0 = Release|Any CPU
	EndGlobalSection
	GlobalSection(SolutionProperties) = preSolution
		HideSolutionNode = FALSE
	EndGlobalSection
	GlobalSection(ExtensibilityGlobals) = postSolution
		SolutionGuid = {6FFB9BD9-73AE-4238-A7AA-DEF65862FE5A}
	EndGlobalSection
EndGlobal
